
Microsoft Visual Studio Solution File, Format Version 12.00
# Visual Studio Version 17
VisualStudioVersion = 17.14.36121.58 d17.14
MinimumVisualStudioVersion = 10.0.40219.1
Project("{FAE04EC0-301F-11D3-BF4B-00C04F79EFBC}") = "DebugReplicator", "DebugReplicator\DebugReplicator.csproj", "{B1C56222-117A-4933-B8DF-F962C4B2BEAB}"
EndProject
Global
	GlobalSection(SolutionConfigurationPlatforms) = preSolution
		Debug|Any CPU = Debug|Any CPU
		Release|Any CPU = Release|Any CPU
	EndGlobalSection
	GlobalSection(ProjectConfigurationPlatforms) = postSolution
		{B1C56222-117A-4933-B8DF-F962C4B2BEAB}.Debug|Any CPU.ActiveCfg = Debug|Any CPU
		{B1C56222-117A-4933-B8DF-F962C4B2BEAB}.Debug|Any CPU.Build.0 = Debug|Any CPU
		{B1C56222-117A-4933-B8DF-F962C4B2BEAB}.Release|Any CPU.ActiveCfg = Release|Any CPU
		{B1C56222-117A-4933-B8DF-F962C4B2BEAB}.Release|Any CPU.Build.0 = Release|Any CPU
	EndGlobalSection
	GlobalSection(SolutionProperties) = preSolution
		HideSolutionNode = FALSE
	EndGlobalSection
	GlobalSection(ExtensibilityGlobals) = postSolution
		SolutionGuid = {57B8D9C9-40FE-42CD-B37B-4AA467FD09BB}
	EndGlobalSection
EndGlobal
